{
  "pins" : [
    {
      "identity" : "amplitude-ios",
      "kind" : "remoteSourceControl",
      "location" : "https://github.com/amplitude/Amplitude-iOS",
      "state" : {
        "branch" : "main",
        "revision" : "bfdec453a31fd35942a619ef472fcf2f09e2313a"
      }
    },
    {
      "identity" : "analytics-connector-ios",
      "kind" : "remoteSourceControl",
      "location" : "https://github.com/amplitude/analytics-connector-ios.git",
      "state" : {
        "revision" : "e2ca17ac735bcbc48b13062484541702ef45153d",
        "version" : "1.0.3"
      }
    },
    {
      "identity" : "swiftystorekit",
      "kind" : "remoteSourceControl",
      "location" : "https://github.com/bizz84/SwiftyStoreKit",
      "state" : {
        "revision" : "9ce911639680113dac9b554d6243e406a9758ebe",
        "version" : "0.16.4"
      }
    }
  ],
  "version" : 2
}
